
Microsoft Visual Studio Solution File, Format Version 12.00
# Visual Studio Version 17
VisualStudioVersion = 17.2.32519.379
MinimumVisualStudioVersion = 10.0.40219.1
Project("{9A19103F-16F7-4668-BE54-9A1E7A4F7556}") = "CoreBackend.Auth", "CoreBackend.Auth\CoreBackend.Auth.csproj", "{C3D458CF-B4BB-45E9-AADB-BC6D73DDC230}"
EndProject
Project("{9A19103F-16F7-4668-BE54-9A1E7A4F7556}") = "CoreBackend.API", "CoreBackend.API\CoreBackend.API.csproj", "{246C7379-F317-40F1-9EAC-475979D4DDB1}"
EndProject
Project("{FAE04EC0-301F-11D3-BF4B-00C04F79EFBC}") = "CoreBackend.Photo.API", "CoreBackend.Photo.API\CoreBackend.Photo.API.csproj", "{9CDE477E-83E7-4D83-BD8B-1FDC7A79F27F}"
EndProject
Project("{FAE04EC0-301F-11D3-BF4B-00C04F79EFBC}") = "CoreBackend.Shared", "CoreBackend.Shared\CoreBackend.Shared.csproj", "{37758DDC-71B9-4A98-B9DE-68048C623500}"
EndProject
Global
	GlobalSection(SolutionConfigurationPlatforms) = preSolution
		Debug|Any CPU = Debug|Any CPU
		Release|Any CPU = Release|Any CPU
	EndGlobalSection
	GlobalSection(ProjectConfigurationPlatforms) = postSolution
		{C3D458CF-B4BB-45E9-AADB-BC6D73DDC230}.Debug|Any CPU.ActiveCfg = Debug|Any CPU
		{C3D458CF-B4BB-45E9-AADB-BC6D73DDC230}.Debug|Any CPU.Build.0 = Debug|Any CPU
		{C3D458CF-B4BB-45E9-AADB-BC6D73DDC230}.Release|Any CPU.ActiveCfg = Release|Any CPU
		{C3D458CF-B4BB-45E9-AADB-BC6D73DDC230}.Release|Any CPU.Build.0 = Release|Any CPU
		{246C7379-F317-40F1-9EAC-475979D4DDB1}.Debug|Any CPU.ActiveCfg = Debug|Any CPU
		{246C7379-F317-40F1-9EAC-475979D4DDB1}.Debug|Any CPU.Build.0 = Debug|Any CPU
		{246C7379-F317-40F1-9EAC-475979D4DDB1}.Release|Any CPU.ActiveCfg = Release|Any CPU
		{246C7379-F317-40F1-9EAC-475979D4DDB1}.Release|Any CPU.Build.0 = Release|Any CPU
		{9CDE477E-83E7-4D83-BD8B-1FDC7A79F27F}.Debug|Any CPU.ActiveCfg = Debug|Any CPU
		{9CDE477E-83E7-4D83-BD8B-1FDC7A79F27F}.Debug|Any CPU.Build.0 = Debug|Any CPU
		{9CDE477E-83E7-4D83-BD8B-1FDC7A79F27F}.Release|Any CPU.ActiveCfg = Release|Any CPU
		{9CDE477E-83E7-4D83-BD8B-1FDC7A79F27F}.Release|Any CPU.Build.0 = Release|Any CPU
		{37758DDC-71B9-4A98-B9DE-68048C623500}.Debug|Any CPU.ActiveCfg = Debug|Any CPU
		{37758DDC-71B9-4A98-B9DE-68048C623500}.Debug|Any CPU.Build.0 = Debug|Any CPU
		{37758DDC-71B9-4A98-B9DE-68048C623500}.Release|Any CPU.ActiveCfg = Release|Any CPU
		{37758DDC-71B9-4A98-B9DE-68048C623500}.Release|Any CPU.Build.0 = Release|Any CPU
	EndGlobalSection
	GlobalSection(SolutionProperties) = preSolution
		HideSolutionNode = FALSE
	EndGlobalSection
	GlobalSection(ExtensibilityGlobals) = postSolution
		SolutionGuid = {1B0816D7-1080-4F07-91CE-39265FBB91A8}
	EndGlobalSection
EndGlobal
